{
  "name": "anvien",
  "version": "1.2.8",
  "lockfileVersion": 3,
  "requires": true,
  "packages": {
    "": {
      "name": "anvien",
      "version": "1.2.8",
      "hasInstallScript": true,
      "license": "MIT",
      "bin": {
        "anvien": "bin/anvien.exe"
      },
      "engines": {
        "node": ">=20.0.0"
      }
    }
  }
}
