{
  "name": "avmatrix",
  "version": "1.2.1",
  "lockfileVersion": 3,
  "requires": true,
  "packages": {
    "": {
      "name": "avmatrix",
      "version": "1.2.1",
      "hasInstallScript": true,
      "license": "PolyForm-Noncommercial-1.0.0",
      "bin": {
        "avmatrix": "bin/avmatrix.exe"
      },
      "engines": {
        "node": ">=20.0.0"
      }
    }
  }
}
